
Microsoft Visual Studio Solution File, Format Version 12.00
# Visual Studio Version 17
VisualStudioVersion = 17.7.34221.43
MinimumVisualStudioVersion = 10.0.40219.1
Project("{FAE04EC0-301F-11D3-BF4B-00C04F79EFBC}") = "TestProjectOne", "TestProjectOne\TestProjectOne.csproj", "{C24C965C-99F1-433C-AE6F-3DA16AF31713}"
EndProject
Project("{FAE04EC0-301F-11D3-BF4B-00C04F79EFBC}") = "SignInLib", "SignInLib\SignInLib.csproj", "{AE9AE21D-1AEC-4B04-B356-5FF3E865E3EC}"
EndProject
Global
	GlobalSection(SolutionConfigurationPlatforms) = preSolution
		Debug|Any CPU = Debug|Any CPU
		Release|Any CPU = Release|Any CPU
	EndGlobalSection
	GlobalSection(ProjectConfigurationPlatforms) = postSolution
		{C24C965C-99F1-433C-AE6F-3DA16AF31713}.Debug|Any CPU.ActiveCfg = Debug|Any CPU
		{C24C965C-99F1-433C-AE6F-3DA16AF31713}.Debug|Any CPU.Build.0 = Debug|Any CPU
		{C24C965C-99F1-433C-AE6F-3DA16AF31713}.Release|Any CPU.ActiveCfg = Release|Any CPU
		{C24C965C-99F1-433C-AE6F-3DA16AF31713}.Release|Any CPU.Build.0 = Release|Any CPU
		{AE9AE21D-1AEC-4B04-B356-5FF3E865E3EC}.Debug|Any CPU.ActiveCfg = Debug|Any CPU
		{AE9AE21D-1AEC-4B04-B356-5FF3E865E3EC}.Debug|Any CPU.Build.0 = Debug|Any CPU
		{AE9AE21D-1AEC-4B04-B356-5FF3E865E3EC}.Release|Any CPU.ActiveCfg = Release|Any CPU
		{AE9AE21D-1AEC-4B04-B356-5FF3E865E3EC}.Release|Any CPU.Build.0 = Release|Any CPU
	EndGlobalSection
	GlobalSection(SolutionProperties) = preSolution
		HideSolutionNode = FALSE
	EndGlobalSection
	GlobalSection(ExtensibilityGlobals) = postSolution
		SolutionGuid = {8D939061-05F0-4799-A2F6-CACCCD8B5EE8}
	EndGlobalSection
EndGlobal
